{
  "name": "svelte-batch",
  "version": "0.0.0",
  "lockfileVersion": 2,
  "requires": true,
  "packages": {
    "": {
      "version": "0.0.0",
      "devDependencies": {
        "@sveltejs/vite-plugin-svelte": "^1.0.0-next.7",
        "svelte": "^3.49.0",
        "svelte-navigator": "^3.1.5",
        "svelte-preprocess": "^4.7.2",
        "typescript": "^4.2.4",
        "vite": "^2.2.3"
      }
    },
    "node_modules/@rollup/pluginutils": {
      "version": "4.1.0",
      "resolved": "https://registry.npmjs.org/@rollup/pluginutils/-/pluginutils-4.1.0.tgz",
      "integrity": "sha512-TrBhfJkFxA+ER+ew2U2/fHbebhLT/l/2pRk0hfj9KusXUuRXd2v0R58AfaZK9VXDQ4TogOSEmICVrQAA3zFnHQ==",
      "dev": true,
      "dependencies": {
        "estree-walker": "^2.0.1",
        "picomatch": "^2.2.2"
      },
      "engines": {
        "node": ">= 8.0.0"
      },
      "peerDependencies": {
        "rollup": "^1.20.0||^2.0.0"
      }
    },
    "node_modules/@sveltejs/vite-plugin-svelte": {
      "version": "1.0.0-next.10",
      "resolved": "https://registry.npmjs.org/@sveltejs/vite-plugin-svelte/-/vite-plugin-svelte-1.0.0-next.10.tgz",
      "integrity": "sha512-ImvxbhPePm2hWNTKBSA3LHAYGwiEjHjvvgfPLXm4R87sfZ+BMXql9jBmDpzUC/URBLT4BB3Jxos/i523qkJBHg==",
      "dev": true,
      "dependencies": {
        "@rollup/pluginutils": "^4.1.0",
        "chalk": "^4.1.1",
        "debug": "^4.3.2",
        "hash-sum": "^2.0.0",
        "require-relative": "^0.8.7",
        "slash": "^4.0.0",
        "source-map": "^0.7.3",
        "svelte-hmr": "^0.14.2"
      },
      "engines": {
        "node": ">=12.0.0"
      },
      "peerDependencies": {
        "svelte": "^3.37.0",
        "vite": "^2.2.3"
      }
    },
    "node_modules/@types/node": {
      "version": "15.0.3",
      "resolved": "https://registry.npmjs.org/@types/node/-/node-15.0.3.tgz",
      "integrity": "sha512-/WbxFeBU+0F79z9RdEOXH4CsDga+ibi5M8uEYr91u3CkT/pdWcV8MCook+4wDPnZBexRdwWS+PiVZ2xJviAzcQ==",
      "dev": true
    },
    "node_modules/@types/pug": {
      "version": "2.0.4",
      "resolved": "https://registry.npmjs.org/@types/pug/-/pug-2.0.4.tgz",
      "integrity": "sha1-h3L80EGOPNLMFxVV1zAHQVBR9LI=",
      "dev": true
    },
    "node_modules/@types/sass": {
      "version": "1.16.0",
      "resolved": "https://registry.npmjs.org/@types/sass/-/sass-1.16.0.tgz",
      "integrity": "sha512-2XZovu4NwcqmtZtsBR5XYLw18T8cBCnU2USFHTnYLLHz9fkhnoEMoDsqShJIOFsFhn5aJHjweiUUdTrDGujegA==",
      "dev": true,
      "dependencies": {
        "@types/node": "*"
      }
    },
    "node_modules/ansi-styles": {
      "version": "4.3.0",
      "resolved": "https://registry.npmjs.org/ansi-styles/-/ansi-styles-4.3.0.tgz",
      "integrity": "sha512-zbB9rCJAT1rbjiVDb2hqKFHNYLxgtk8NURxZ3IZwD3F6NtxbXZQCnnSi1Lkx+IDohdPlFp222wVALIheZJQSEg==",
      "dev": true,
      "dependencies": {
        "color-convert": "^2.0.1"
      },
      "engines": {
        "node": ">=8"
      },
      "funding": {
        "url": "https://github.com/chalk/ansi-styles?sponsor=1"
      }
    },
    "node_modules/chalk": {
      "version": "4.1.1",
      "resolved": "https://registry.npmjs.org/chalk/-/chalk-4.1.1.tgz",
      "integrity": "sha512-diHzdDKxcU+bAsUboHLPEDQiw0qEe0qd7SYUn3HgcFlWgbDcfLGswOHYeGrHKzG9z6UYf01d9VFMfZxPM1xZSg==",
      "dev": true,
      "dependencies": {
        "ansi-styles": "^4.1.0",
        "supports-color": "^7.1.0"
      },
      "engines": {
        "node": ">=10"
      },
      "funding": {
        "url": "https://github.com/chalk/chalk?sponsor=1"
      }
    },
    "node_modules/color-convert": {
      "version": "2.0.1",
      "resolved": "https://registry.npmjs.org/color-convert/-/color-convert-2.0.1.tgz",
      "integrity": "sha512-RRECPsj7iu/xb5oKYcsFHSppFNnsj/52OVTRKb4zP5onXwVF3zVmmToNcOfGC+CRDpfK/U584fMg38ZHCaElKQ==",
      "dev": true,
      "dependencies": {
        "color-name": "~1.1.4"
      },
      "engines": {
        "node": ">=7.0.0"
      }
    },
    "node_modules/color-name": {
      "version": "1.1.4",
      "resolved": "https://registry.npmjs.org/color-name/-/color-name-1.1.4.tgz",
      "integrity": "sha512-dOy+3AuW3a2wNbZHIuMZpTcgjGuLU/uBL/ubcZF9OXbDo8ff4O8yVp5Bf0efS8uEoYo5q4Fx7dY9OgQGXgAsQA==",
      "dev": true
    },
    "node_modules/colorette": {
      "version": "1.2.2",
      "resolved": "https://registry.npmjs.org/colorette/-/colorette-1.2.2.tgz",
      "integrity": "sha512-MKGMzyfeuutC/ZJ1cba9NqcNpfeqMUcYmyF1ZFY6/Cn7CNSAKx6a+s48sqLqyAiZuaP2TcqMhoo+dlwFnVxT9w==",
      "dev": true
    },
    "node_modules/debug": {
      "version": "4.3.2",
      "resolved": "https://registry.npmjs.org/debug/-/debug-4.3.2.tgz",
      "integrity": "sha512-mOp8wKcvj7XxC78zLgw/ZA+6TSgkoE2C/ienthhRD298T7UNwAg9diBpLRxC0mOezLl4B0xV7M0cCO6P/O0Xhw==",
      "dev": true,
      "dependencies": {
        "ms": "2.1.2"
      },
      "engines": {
        "node": ">=6.0"
      },
      "peerDependenciesMeta": {
        "supports-color": {
          "optional": true
        }
      }
    },
    "node_modules/dedent-js": {
      "version": "1.0.1",
      "resolved": "https://registry.npmjs.org/dedent-js/-/dedent-js-1.0.1.tgz",
      "integrity": "sha1-vuX7fJ5yfYXf+iRZDRDsGrElUwU=",
      "dev": true
    },
    "node_modules/detect-indent": {
      "version": "6.0.0",
      "resolved": "https://registry.npmjs.org/detect-indent/-/detect-indent-6.0.0.tgz",
      "integrity": "sha512-oSyFlqaTHCItVRGK5RmrmjB+CmaMOW7IaNA/kdxqhoa6d17j/5ce9O9eWXmV/KEdRwqpQA+Vqe8a8Bsybu4YnA==",
      "dev": true,
      "engines": {
        "node": ">=8"
      }
    },
    "node_modules/esbuild": {
      "version": "0.11.20",
      "resolved": "https://registry.npmjs.org/esbuild/-/esbuild-0.11.20.tgz",
      "integrity": "sha512-QOZrVpN/Yz74xfat0H6euSgn3RnwLevY1mJTEXneukz1ln9qB+ieaerRMzSeETpz/UJWsBMzRVR/andBht5WKw==",
      "dev": true,
      "hasInstallScript": true,
      "bin": {
        "esbuild": "bin/esbuild"
      }
    },
    "node_modules/estree-walker": {
      "version": "2.0.2",
      "resolved": "https://registry.npmjs.org/estree-walker/-/estree-walker-2.0.2.tgz",
      "integrity": "sha512-Rfkk/Mp/DL7JVje3u18FxFujQlTNR2q6QfMSMB7AvCBx91NGj/ba3kCfza0f6dVDbw7YlRf/nDrn7pQrCCyQ/w==",
      "dev": true
    },
    "node_modules/fsevents": {
      "version": "2.3.2",
      "resolved": "https://registry.npmjs.org/fsevents/-/fsevents-2.3.2.tgz",
      "integrity": "sha512-xiqMQR4xAeHTuB9uWm+fFRcIOgKBMiOBP+eXiyT7jsgVCq1bkVygt00oASowB7EdtpOHaaPgKt812P9ab+DDKA==",
      "dev": true,
      "hasInstallScript": true,
      "optional": true,
      "os": [
        "darwin"
      ],
      "engines": {
        "node": "^8.16.0 || ^10.6.0 || >=11.0.0"
      }
    },
    "node_modules/function-bind": {
      "version": "1.1.1",
      "resolved": "https://registry.npmjs.org/function-bind/-/function-bind-1.1.1.tgz",
      "integrity": "sha512-yIovAzMX49sF8Yl58fSCWJ5svSLuaibPxXQJFLmBObTuCr0Mf1KiPopGM9NiFjiYBCbfaa2Fh6breQ6ANVTI0A==",
      "dev": true
    },
    "node_modules/has": {
      "version": "1.0.3",
      "resolved": "https://registry.npmjs.org/has/-/has-1.0.3.tgz",
      "integrity": "sha512-f2dvO0VU6Oej7RkWJGrehjbzMAjFp5/VKPp5tTpWIV4JHHZK1/BxbFRtf/siA2SWTe09caDmVtYYzWEIbBS4zw==",
      "dev": true,
      "dependencies": {
        "function-bind": "^1.1.1"
      },
      "engines": {
        "node": ">= 0.4.0"
      }
    },
    "node_modules/has-flag": {
      "version": "4.0.0",
      "resolved": "https://registry.npmjs.org/has-flag/-/has-flag-4.0.0.tgz",
      "integrity": "sha512-EykJT/Q1KjTWctppgIAgfSO0tKVuZUjhgMr17kqTumMl6Afv3EISleU7qZUzoXDFTAHTDC4NOoG/ZxU3EvlMPQ==",
      "dev": true,
      "engines": {
        "node": ">=8"
      }
    },
    "node_modules/hash-sum": {
      "version": "2.0.0",
      "resolved": "https://registry.npmjs.org/hash-sum/-/hash-sum-2.0.0.tgz",
      "integrity": "sha512-WdZTbAByD+pHfl/g9QSsBIIwy8IT+EsPiKDs0KNX+zSHhdDLFKdZu0BQHljvO+0QI/BasbMSUa8wYNCZTvhslg==",
      "dev": true
    },
    "node_modules/is-core-module": {
      "version": "2.4.0",
      "resolved": "https://registry.npmjs.org/is-core-module/-/is-core-module-2.4.0.tgz",
      "integrity": "sha512-6A2fkfq1rfeQZjxrZJGerpLCTHRNEBiSgnu0+obeJpEPZRUooHgsizvzv0ZjJwOz3iWIHdJtVWJ/tmPr3D21/A==",
      "dev": true,
      "dependencies": {
        "has": "^1.0.3"
      },
      "funding": {
        "url": "https://github.com/sponsors/ljharb"
      }
    },
    "node_modules/lower-case": {
      "version": "2.0.2",
      "resolved": "https://registry.npmjs.org/lower-case/-/lower-case-2.0.2.tgz",
      "integrity": "sha512-7fm3l3NAF9WfN6W3JOmf5drwpVqX78JtoGJ3A6W0a6ZnldM41w2fV5D490psKFTpMds8TJse/eHLFFsNHHjHgg==",
      "dev": true,
      "dependencies": {
        "tslib": "^2.0.3"
      }
    },
    "node_modules/min-indent": {
      "version": "1.0.1",
      "resolved": "https://registry.npmjs.org/min-indent/-/min-indent-1.0.1.tgz",
      "integrity": "sha512-I9jwMn07Sy/IwOj3zVkVik2JTvgpaykDZEigL6Rx6N9LbMywwUSMtxET+7lVoDLLd3O3IXwJwvuuns8UB/HeAg==",
      "dev": true,
      "engines": {
        "node": ">=4"
      }
    },
    "node_modules/ms": {
      "version": "2.1.2",
      "resolved": "https://registry.npmjs.org/ms/-/ms-2.1.2.tgz",
      "integrity": "sha512-sGkPx+VjMtmA6MX27oA4FBFELFCZZ4S4XqeGOXCv68tT+jb3vk/RyaKWP0PTKyWtmLSM0b+adUTEvbs1PEaH2w==",
      "dev": true
    },
    "node_modules/nanoid": {
      "version": "3.2.0",
      "resolved": "https://registry.npmjs.org/nanoid/-/nanoid-3.2.0.tgz",
      "integrity": "sha512-fmsZYa9lpn69Ad5eDn7FMcnnSR+8R34W9qJEijxYhTbfOWzr22n1QxCMzXLK+ODyW2973V3Fux959iQoUxzUIA==",
      "dev": true,
      "bin": {
        "nanoid": "bin/nanoid.cjs"
      },
      "engines": {
        "node": "^10 || ^12 || ^13.7 || ^14 || >=15.0.1"
      }
    },
    "node_modules/no-case": {
      "version": "3.0.4",
      "resolved": "https://registry.npmjs.org/no-case/-/no-case-3.0.4.tgz",
      "integrity": "sha512-fgAN3jGAh+RoxUGZHTSOLJIqUc2wmoBwGR4tbpNAKmmovFoWq0OdRkb0VkldReO2a2iBT/OEulG9XSUc10r3zg==",
      "dev": true,
      "dependencies": {
        "lower-case": "^2.0.2",
        "tslib": "^2.0.3"
      }
    },
    "node_modules/pascal-case": {
      "version": "3.1.2",
      "resolved": "https://registry.npmjs.org/pascal-case/-/pascal-case-3.1.2.tgz",
      "integrity": "sha512-uWlGT3YSnK9x3BQJaOdcZwrnV6hPpd8jFH1/ucpiLRPh/2zCVJKS19E4GvYHvaCcACn3foXZ0cLB9Wrx1KGe5g==",
      "dev": true,
      "dependencies": {
        "no-case": "^3.0.4",
        "tslib": "^2.0.3"
      }
    },
    "node_modules/path-parse": {
      "version": "1.0.7",
      "resolved": "https://registry.npmjs.org/path-parse/-/path-parse-1.0.7.tgz",
      "integrity": "sha512-LDJzPVEEEPR+y48z93A0Ed0yXb8pAByGWo/k5YYdYgpY2/2EsOsksJrq7lOHxryrVOn1ejG6oAp8ahvOIQD8sw==",
      "dev": true
    },
    "node_modules/picomatch": {
      "version": "2.2.3",
      "resolved": "https://registry.npmjs.org/picomatch/-/picomatch-2.2.3.tgz",
      "integrity": "sha512-KpELjfwcCDUb9PeigTs2mBJzXUPzAuP2oPcA989He8Rte0+YUAjw1JVedDhuTKPkHjSYzMN3npC9luThGYEKdg==",
      "dev": true,
      "engines": {
        "node": ">=8.6"
      },
      "funding": {
        "url": "https://github.com/sponsors/jonschlinkert"
      }
    },
    "node_modules/postcss": {
      "version": "8.2.15",
      "resolved": "https://registry.npmjs.org/postcss/-/postcss-8.2.15.tgz",
      "integrity": "sha512-2zO3b26eJD/8rb106Qu2o7Qgg52ND5HPjcyQiK2B98O388h43A448LCslC0dI2P97wCAQRJsFvwTRcXxTKds+Q==",
      "dev": true,
      "dependencies": {
        "colorette": "^1.2.2",
        "nanoid": "^3.1.23",
        "source-map": "^0.6.1"
      },
      "engines": {
        "node": "^10 || ^12 || >=14"
      },
      "funding": {
        "type": "opencollective",
        "url": "https://opencollective.com/postcss/"
      }
    },
    "node_modules/postcss/node_modules/source-map": {
      "version": "0.6.1",
      "resolved": "https://registry.npmjs.org/source-map/-/source-map-0.6.1.tgz",
      "integrity": "sha512-UjgapumWlbMhkBgzT7Ykc5YXUT46F0iKu8SGXq0bcwP5dz/h0Plj6enJqjz1Zbq2l5WaqYnrVbwWOWMyF3F47g==",
      "dev": true,
      "engines": {
        "node": ">=0.10.0"
      }
    },
    "node_modules/require-relative": {
      "version": "0.8.7",
      "resolved": "https://registry.npmjs.org/require-relative/-/require-relative-0.8.7.tgz",
      "integrity": "sha1-eZlTn8ngR6N5KPoZb44VY9q9Nt4=",
      "dev": true
    },
    "node_modules/resolve": {
      "version": "1.20.0",
      "resolved": "https://registry.npmjs.org/resolve/-/resolve-1.20.0.tgz",
      "integrity": "sha512-wENBPt4ySzg4ybFQW2TT1zMQucPK95HSh/nq2CFTZVOGut2+pQvSsgtda4d26YrYcr067wjbmzOG8byDPBX63A==",
      "dev": true,
      "dependencies": {
        "is-core-module": "^2.2.0",
        "path-parse": "^1.0.6"
      },
      "funding": {
        "url": "https://github.com/sponsors/ljharb"
      }
    },
    "node_modules/rollup": {
      "version": "2.47.0",
      "resolved": "https://registry.npmjs.org/rollup/-/rollup-2.47.0.tgz",
      "integrity": "sha512-rqBjgq9hQfW0vRmz+0S062ORRNJXvwRpzxhFXORvar/maZqY6za3rgQ/p1Glg+j1hnc1GtYyQCPiAei95uTElg==",
      "dev": true,
      "bin": {
        "rollup": "dist/bin/rollup"
      },
      "engines": {
        "node": ">=10.0.0"
      },
      "optionalDependencies": {
        "fsevents": "~2.3.1"
      }
    },
    "node_modules/slash": {
      "version": "4.0.0",
      "resolved": "https://registry.npmjs.org/slash/-/slash-4.0.0.tgz",
      "integrity": "sha512-3dOsAHXXUkQTpOYcoAxLIorMTp4gIQr5IW3iVb7A7lFIp0VHhnynm9izx6TssdrIcVIESAlVjtnO2K8bg+Coew==",
      "dev": true,
      "engines": {
        "node": ">=12"
      },
      "funding": {
        "url": "https://github.com/sponsors/sindresorhus"
      }
    },
    "node_modules/source-map": {
      "version": "0.7.3",
      "resolved": "https://registry.npmjs.org/source-map/-/source-map-0.7.3.tgz",
      "integrity": "sha512-CkCj6giN3S+n9qrYiBTX5gystlENnRW5jZeNLHpe6aue+SrHcG5VYwujhW9s4dY31mEGsxBDrHR6oI69fTXsaQ==",
      "dev": true,
      "engines": {
        "node": ">= 8"
      }
    },
    "node_modules/strip-indent": {
      "version": "3.0.0",
      "resolved": "https://registry.npmjs.org/strip-indent/-/strip-indent-3.0.0.tgz",
      "integrity": "sha512-laJTa3Jb+VQpaC6DseHhF7dXVqHTfJPCRDaEbid/drOhgitgYku/letMUqOXFoWV0zIIUbjpdH2t+tYj4bQMRQ==",
      "dev": true,
      "dependencies": {
        "min-indent": "^1.0.0"
      },
      "engines": {
        "node": ">=8"
      }
    },
    "node_modules/supports-color": {
      "version": "7.2.0",
      "resolved": "https://registry.npmjs.org/supports-color/-/supports-color-7.2.0.tgz",
      "integrity": "sha512-qpCAvRl9stuOHveKsn7HncJRvv501qIacKzQlO/+Lwxc9+0q2wLyv4Dfvt80/DPn2pqOBsJdDiogXGR9+OvwRw==",
      "dev": true,
      "dependencies": {
        "has-flag": "^4.0.0"
      },
      "engines": {
        "node": ">=8"
      }
    },
    "node_modules/svelte": {
      "version": "3.49.0",
      "resolved": "https://registry.npmjs.org/svelte/-/svelte-3.49.0.tgz",
      "integrity": "sha512-+lmjic1pApJWDfPCpUUTc1m8azDqYCG1JN9YEngrx/hUyIcFJo6VZhj0A1Ai0wqoHcEIuQy+e9tk+4uDgdtsFA==",
      "dev": true,
      "engines": {
        "node": ">= 8"
      }
    },
    "node_modules/svelte-hmr": {
      "version": "0.14.3",
      "resolved": "https://registry.npmjs.org/svelte-hmr/-/svelte-hmr-0.14.3.tgz",
      "integrity": "sha512-N56xX405zLMw2tpGHKRx5h+kmdeZwxI21pvyC6OyBHJDCF6DlwWBm9TifdQmSD4dloWSmpDPzHWYa3CSjfopUg==",
      "dev": true,
      "peerDependencies": {
        "svelte": ">=3.19.0"
      }
    },
    "node_modules/svelte-navigator": {
      "version": "3.1.5",
      "resolved": "https://registry.npmjs.org/svelte-navigator/-/svelte-navigator-3.1.5.tgz",
      "integrity": "sha512-CGTaexasSLpUaTSN2AlYqii0JeisIgg7uZbm8XCLKlpM9Qv3IltlJ7Nvh90Xw9ND97KqtGOjNJ3LNwMN1ABV0w==",
      "dev": true,
      "dependencies": {
        "svelte2tsx": "^0.1.151"
      },
      "peerDependencies": {
        "svelte": "3.x"
      }
    },
    "node_modules/svelte-preprocess": {
      "version": "4.7.3",
      "resolved": "https://registry.npmjs.org/svelte-preprocess/-/svelte-preprocess-4.7.3.tgz",
      "integrity": "sha512-Zx1/xLeGOIBlZMGPRCaXtlMe4ZA0faato5Dc3CosEqwu75MIEPuOstdkH6cy+RYTUYynoxzNaDxkPX4DbrPwRA==",
      "dev": true,
      "hasInstallScript": true,
      "dependencies": {
        "@types/pug": "^2.0.4",
        "@types/sass": "^1.16.0",
        "detect-indent": "^6.0.0",
        "strip-indent": "^3.0.0"
      },
      "engines": {
        "node": ">= 9.11.2"
      },
      "peerDependencies": {
        "@babel/core": "^7.10.2",
        "coffeescript": "^2.5.1",
        "less": "^3.11.3",
        "postcss": "^7 || ^8",
        "postcss-load-config": "^2.1.0 || ^3.0.0",
        "pug": "^3.0.0",
        "sass": "^1.26.8",
        "stylus": "^0.54.7",
        "sugarss": "^2.0.0",
        "svelte": "^3.23.0",
        "typescript": "^3.9.5 || ^4.0.0"
      },
      "peerDependenciesMeta": {
        "@babel/core": {
          "optional": true
        },
        "coffeescript": {
          "optional": true
        },
        "less": {
          "optional": true
        },
        "node-sass": {
          "optional": true
        },
        "postcss": {
          "optional": true
        },
        "postcss-load-config": {
          "optional": true
        },
        "pug": {
          "optional": true
        },
        "sass": {
          "optional": true
        },
        "stylus": {
          "optional": true
        },
        "sugarss": {
          "optional": true
        },
        "typescript": {
          "optional": true
        }
      }
    },
    "node_modules/svelte2tsx": {
      "version": "0.1.191",
      "resolved": "https://registry.npmjs.org/svelte2tsx/-/svelte2tsx-0.1.191.tgz",
      "integrity": "sha512-pSciOMX9LAmvirtCilFRqrtHJxml4pdyMKq7Tjpac4EaWsO89Cfsjl04wBZ7YZKzW8UotbPOjCaJEoC/XDc/QQ==",
      "dev": true,
      "dependencies": {
        "dedent-js": "^1.0.1",
        "pascal-case": "^3.1.1"
      },
      "peerDependencies": {
        "svelte": "^3.24",
        "typescript": "^4.1.2"
      }
    },
    "node_modules/tslib": {
      "version": "2.2.0",
      "resolved": "https://registry.npmjs.org/tslib/-/tslib-2.2.0.tgz",
      "integrity": "sha512-gS9GVHRU+RGn5KQM2rllAlR3dU6m7AcpJKdtH8gFvQiC4Otgk98XnmMU+nZenHt/+VhnBPWwgrJsyrdcw6i23w==",
      "dev": true
    },
    "node_modules/typescript": {
      "version": "4.2.4",
      "resolved": "https://registry.npmjs.org/typescript/-/typescript-4.2.4.tgz",
      "integrity": "sha512-V+evlYHZnQkaz8TRBuxTA92yZBPotr5H+WhQ7bD3hZUndx5tGOa1fuCgeSjxAzM1RiN5IzvadIXTVefuuwZCRg==",
      "dev": true,
      "bin": {
        "tsc": "bin/tsc",
        "tsserver": "bin/tsserver"
      },
      "engines": {
        "node": ">=4.2.0"
      }
    },
    "node_modules/vite": {
      "version": "2.3.2",
      "resolved": "https://registry.npmjs.org/vite/-/vite-2.3.2.tgz",
      "integrity": "sha512-QhLdOompDrfkyryCNTts9HE+eJhvhN9ibKNJ5Q8DpQai+6nOsuIlaveZNg67e1O/2QaWqXeBo82eHnAs1De2bQ==",
      "dev": true,
      "dependencies": {
        "esbuild": "^0.11.20",
        "postcss": "^8.2.10",
        "resolve": "^1.19.0",
        "rollup": "^2.38.5"
      },
      "bin": {
        "vite": "bin/vite.js"
      },
      "engines": {
        "node": ">=12.0.0"
      },
      "optionalDependencies": {
        "fsevents": "~2.3.1"
      }
    }
  },
  "dependencies": {
    "@rollup/pluginutils": {
      "version": "4.1.0",
      "resolved": "https://registry.npmjs.org/@rollup/pluginutils/-/pluginutils-4.1.0.tgz",
      "integrity": "sha512-TrBhfJkFxA+ER+ew2U2/fHbebhLT/l/2pRk0hfj9KusXUuRXd2v0R58AfaZK9VXDQ4TogOSEmICVrQAA3zFnHQ==",
      "dev": true,
      "requires": {
        "estree-walker": "^2.0.1",
        "picomatch": "^2.2.2"
      }
    },
    "@sveltejs/vite-plugin-svelte": {
      "version": "1.0.0-next.10",
      "resolved": "https://registry.npmjs.org/@sveltejs/vite-plugin-svelte/-/vite-plugin-svelte-1.0.0-next.10.tgz",
      "integrity": "sha512-ImvxbhPePm2hWNTKBSA3LHAYGwiEjHjvvgfPLXm4R87sfZ+BMXql9jBmDpzUC/URBLT4BB3Jxos/i523qkJBHg==",
      "dev": true,
      "requires": {
        "@rollup/pluginutils": "^4.1.0",
        "chalk": "^4.1.1",
        "debug": "^4.3.2",
        "hash-sum": "^2.0.0",
        "require-relative": "^0.8.7",
        "slash": "^4.0.0",
        "source-map": "^0.7.3",
        "svelte-hmr": "^0.14.2"
      }
    },
    "@types/node": {
      "version": "15.0.3",
      "resolved": "https://registry.npmjs.org/@types/node/-/node-15.0.3.tgz",
      "integrity": "sha512-/WbxFeBU+0F79z9RdEOXH4CsDga+ibi5M8uEYr91u3CkT/pdWcV8MCook+4wDPnZBexRdwWS+PiVZ2xJviAzcQ==",
      "dev": true
    },
    "@types/pug": {
      "version": "2.0.4",
      "resolved": "https://registry.npmjs.org/@types/pug/-/pug-2.0.4.tgz",
      "integrity": "sha1-h3L80EGOPNLMFxVV1zAHQVBR9LI=",
      "dev": true
    },
    "@types/sass": {
      "version": "1.16.0",
      "resolved": "https://registry.npmjs.org/@types/sass/-/sass-1.16.0.tgz",
      "integrity": "sha512-2XZovu4NwcqmtZtsBR5XYLw18T8cBCnU2USFHTnYLLHz9fkhnoEMoDsqShJIOFsFhn5aJHjweiUUdTrDGujegA==",
      "dev": true,
      "requires": {
        "@types/node": "*"
      }
    },
    "ansi-styles": {
      "version": "4.3.0",
      "resolved": "https://registry.npmjs.org/ansi-styles/-/ansi-styles-4.3.0.tgz",
      "integrity": "sha512-zbB9rCJAT1rbjiVDb2hqKFHNYLxgtk8NURxZ3IZwD3F6NtxbXZQCnnSi1Lkx+IDohdPlFp222wVALIheZJQSEg==",
      "dev": true,
      "requires": {
        "color-convert": "^2.0.1"
      }
    },
    "chalk": {
      "version": "4.1.1",
      "resolved": "https://registry.npmjs.org/chalk/-/chalk-4.1.1.tgz",
      "integrity": "sha512-diHzdDKxcU+bAsUboHLPEDQiw0qEe0qd7SYUn3HgcFlWgbDcfLGswOHYeGrHKzG9z6UYf01d9VFMfZxPM1xZSg==",
      "dev": true,
      "requires": {
        "ansi-styles": "^4.1.0",
        "supports-color": "^7.1.0"
      }
    },
    "color-convert": {
      "version": "2.0.1",
      "resolved": "https://registry.npmjs.org/color-convert/-/color-convert-2.0.1.tgz",
      "integrity": "sha512-RRECPsj7iu/xb5oKYcsFHSppFNnsj/52OVTRKb4zP5onXwVF3zVmmToNcOfGC+CRDpfK/U584fMg38ZHCaElKQ==",
      "dev": true,
      "requires": {
        "color-name": "~1.1.4"
      }
    },
    "color-name": {
      "version": "1.1.4",
      "resolved": "https://registry.npmjs.org/color-name/-/color-name-1.1.4.tgz",
      "integrity": "sha512-dOy+3AuW3a2wNbZHIuMZpTcgjGuLU/uBL/ubcZF9OXbDo8ff4O8yVp5Bf0efS8uEoYo5q4Fx7dY9OgQGXgAsQA==",
      "dev": true
    },
    "colorette": {
      "version": "1.2.2",
      "resolved": "https://registry.npmjs.org/colorette/-/colorette-1.2.2.tgz",
      "integrity": "sha512-MKGMzyfeuutC/ZJ1cba9NqcNpfeqMUcYmyF1ZFY6/Cn7CNSAKx6a+s48sqLqyAiZuaP2TcqMhoo+dlwFnVxT9w==",
      "dev": true
    },
    "debug": {
      "version": "4.3.2",
      "resolved": "https://registry.npmjs.org/debug/-/debug-4.3.2.tgz",
      "integrity": "sha512-mOp8wKcvj7XxC78zLgw/ZA+6TSgkoE2C/ienthhRD298T7UNwAg9diBpLRxC0mOezLl4B0xV7M0cCO6P/O0Xhw==",
      "dev": true,
      "requires": {
        "ms": "2.1.2"
      }
    },
    "dedent-js": {
      "version": "1.0.1",
      "resolved": "https://registry.npmjs.org/dedent-js/-/dedent-js-1.0.1.tgz",
      "integrity": "sha1-vuX7fJ5yfYXf+iRZDRDsGrElUwU=",
      "dev": true
    },
    "detect-indent": {
      "version": "6.0.0",
      "resolved": "https://registry.npmjs.org/detect-indent/-/detect-indent-6.0.0.tgz",
      "integrity": "sha512-oSyFlqaTHCItVRGK5RmrmjB+CmaMOW7IaNA/kdxqhoa6d17j/5ce9O9eWXmV/KEdRwqpQA+Vqe8a8Bsybu4YnA==",
      "dev": true
    },
    "esbuild": {
      "version": "0.11.20",
      "resolved": "https://registry.npmjs.org/esbuild/-/esbuild-0.11.20.tgz",
      "integrity": "sha512-QOZrVpN/Yz74xfat0H6euSgn3RnwLevY1mJTEXneukz1ln9qB+ieaerRMzSeETpz/UJWsBMzRVR/andBht5WKw==",
      "dev": true
    },
    "estree-walker": {
      "version": "2.0.2",
      "resolved": "https://registry.npmjs.org/estree-walker/-/estree-walker-2.0.2.tgz",
      "integrity": "sha512-Rfkk/Mp/DL7JVje3u18FxFujQlTNR2q6QfMSMB7AvCBx91NGj/ba3kCfza0f6dVDbw7YlRf/nDrn7pQrCCyQ/w==",
      "dev": true
    },
    "fsevents": {
      "version": "2.3.2",
      "resolved": "https://registry.npmjs.org/fsevents/-/fsevents-2.3.2.tgz",
      "integrity": "sha512-xiqMQR4xAeHTuB9uWm+fFRcIOgKBMiOBP+eXiyT7jsgVCq1bkVygt00oASowB7EdtpOHaaPgKt812P9ab+DDKA==",
      "dev": true,
      "optional": true
    },
    "function-bind": {
      "version": "1.1.1",
      "resolved": "https://registry.npmjs.org/function-bind/-/function-bind-1.1.1.tgz",
      "integrity": "sha512-yIovAzMX49sF8Yl58fSCWJ5svSLuaibPxXQJFLmBObTuCr0Mf1KiPopGM9NiFjiYBCbfaa2Fh6breQ6ANVTI0A==",
      "dev": true
    },
    "has": {
      "version": "1.0.3",
      "resolved": "https://registry.npmjs.org/has/-/has-1.0.3.tgz",
      "integrity": "sha512-f2dvO0VU6Oej7RkWJGrehjbzMAjFp5/VKPp5tTpWIV4JHHZK1/BxbFRtf/siA2SWTe09caDmVtYYzWEIbBS4zw==",
      "dev": true,
      "requires": {
        "function-bind": "^1.1.1"
      }
    },
    "has-flag": {
      "version": "4.0.0",
      "resolved": "https://registry.npmjs.org/has-flag/-/has-flag-4.0.0.tgz",
      "integrity": "sha512-EykJT/Q1KjTWctppgIAgfSO0tKVuZUjhgMr17kqTumMl6Afv3EISleU7qZUzoXDFTAHTDC4NOoG/ZxU3EvlMPQ==",
      "dev": true
    },
    "hash-sum": {
      "version": "2.0.0",
      "resolved": "https://registry.npmjs.org/hash-sum/-/hash-sum-2.0.0.tgz",
      "integrity": "sha512-WdZTbAByD+pHfl/g9QSsBIIwy8IT+EsPiKDs0KNX+zSHhdDLFKdZu0BQHljvO+0QI/BasbMSUa8wYNCZTvhslg==",
      "dev": true
    },
    "is-core-module": {
      "version": "2.4.0",
      "resolved": "https://registry.npmjs.org/is-core-module/-/is-core-module-2.4.0.tgz",
      "integrity": "sha512-6A2fkfq1rfeQZjxrZJGerpLCTHRNEBiSgnu0+obeJpEPZRUooHgsizvzv0ZjJwOz3iWIHdJtVWJ/tmPr3D21/A==",
      "dev": true,
      "requires": {
        "has": "^1.0.3"
      }
    },
    "lower-case": {
      "version": "2.0.2",
      "resolved": "https://registry.npmjs.org/lower-case/-/lower-case-2.0.2.tgz",
      "integrity": "sha512-7fm3l3NAF9WfN6W3JOmf5drwpVqX78JtoGJ3A6W0a6ZnldM41w2fV5D490psKFTpMds8TJse/eHLFFsNHHjHgg==",
      "dev": true,
      "requires": {
        "tslib": "^2.0.3"
      }
    },
    "min-indent": {
      "version": "1.0.1",
      "resolved": "https://registry.npmjs.org/min-indent/-/min-indent-1.0.1.tgz",
      "integrity": "sha512-I9jwMn07Sy/IwOj3zVkVik2JTvgpaykDZEigL6Rx6N9LbMywwUSMtxET+7lVoDLLd3O3IXwJwvuuns8UB/HeAg==",
      "dev": true
    },
    "ms": {
      "version": "2.1.2",
      "resolved": "https://registry.npmjs.org/ms/-/ms-2.1.2.tgz",
      "integrity": "sha512-sGkPx+VjMtmA6MX27oA4FBFELFCZZ4S4XqeGOXCv68tT+jb3vk/RyaKWP0PTKyWtmLSM0b+adUTEvbs1PEaH2w==",
      "dev": true
    },
    "nanoid": {
      "version": "3.2.0",
      "resolved": "https://registry.npmjs.org/nanoid/-/nanoid-3.2.0.tgz",
      "integrity": "sha512-fmsZYa9lpn69Ad5eDn7FMcnnSR+8R34W9qJEijxYhTbfOWzr22n1QxCMzXLK+ODyW2973V3Fux959iQoUxzUIA==",
      "dev": true
    },
    "no-case": {
      "version": "3.0.4",
      "resolved": "https://registry.npmjs.org/no-case/-/no-case-3.0.4.tgz",
      "integrity": "sha512-fgAN3jGAh+RoxUGZHTSOLJIqUc2wmoBwGR4tbpNAKmmovFoWq0OdRkb0VkldReO2a2iBT/OEulG9XSUc10r3zg==",
      "dev": true,
      "requires": {
        "lower-case": "^2.0.2",
        "tslib": "^2.0.3"
      }
    },
    "pascal-case": {
      "version": "3.1.2",
      "resolved": "https://registry.npmjs.org/pascal-case/-/pascal-case-3.1.2.tgz",
      "integrity": "sha512-uWlGT3YSnK9x3BQJaOdcZwrnV6hPpd8jFH1/ucpiLRPh/2zCVJKS19E4GvYHvaCcACn3foXZ0cLB9Wrx1KGe5g==",
      "dev": true,
      "requires": {
        "no-case": "^3.0.4",
        "tslib": "^2.0.3"
      }
    },
    "path-parse": {
      "version": "1.0.7",
      "resolved": "https://registry.npmjs.org/path-parse/-/path-parse-1.0.7.tgz",
      "integrity": "sha512-LDJzPVEEEPR+y48z93A0Ed0yXb8pAByGWo/k5YYdYgpY2/2EsOsksJrq7lOHxryrVOn1ejG6oAp8ahvOIQD8sw==",
      "dev": true
    },
    "picomatch": {
      "version": "2.2.3",
      "resolved": "https://registry.npmjs.org/picomatch/-/picomatch-2.2.3.tgz",
      "integrity": "sha512-KpELjfwcCDUb9PeigTs2mBJzXUPzAuP2oPcA989He8Rte0+YUAjw1JVedDhuTKPkHjSYzMN3npC9luThGYEKdg==",
      "dev": true
    },
    "postcss": {
      "version": "8.2.15",
      "resolved": "https://registry.npmjs.org/postcss/-/postcss-8.2.15.tgz",
      "integrity": "sha512-2zO3b26eJD/8rb106Qu2o7Qgg52ND5HPjcyQiK2B98O388h43A448LCslC0dI2P97wCAQRJsFvwTRcXxTKds+Q==",
      "dev": true,
      "requires": {
        "colorette": "^1.2.2",
        "nanoid": "^3.1.23",
        "source-map": "^0.6.1"
      },
      "dependencies": {
        "source-map": {
          "version": "0.6.1",
          "resolved": "https://registry.npmjs.org/source-map/-/source-map-0.6.1.tgz",
          "integrity": "sha512-UjgapumWlbMhkBgzT7Ykc5YXUT46F0iKu8SGXq0bcwP5dz/h0Plj6enJqjz1Zbq2l5WaqYnrVbwWOWMyF3F47g==",
          "dev": true
        }
      }
    },
    "require-relative": {
      "version": "0.8.7",
      "resolved": "https://registry.npmjs.org/require-relative/-/require-relative-0.8.7.tgz",
      "integrity": "sha1-eZlTn8ngR6N5KPoZb44VY9q9Nt4=",
      "dev": true
    },
    "resolve": {
      "version": "1.20.0",
      "resolved": "https://registry.npmjs.org/resolve/-/resolve-1.20.0.tgz",
      "integrity": "sha512-wENBPt4ySzg4ybFQW2TT1zMQucPK95HSh/nq2CFTZVOGut2+pQvSsgtda4d26YrYcr067wjbmzOG8byDPBX63A==",
      "dev": true,
      "requires": {
        "is-core-module": "^2.2.0",
        "path-parse": "^1.0.6"
      }
    },
    "rollup": {
      "version": "2.47.0",
      "resolved": "https://registry.npmjs.org/rollup/-/rollup-2.47.0.tgz",
      "integrity": "sha512-rqBjgq9hQfW0vRmz+0S062ORRNJXvwRpzxhFXORvar/maZqY6za3rgQ/p1Glg+j1hnc1GtYyQCPiAei95uTElg==",
      "dev": true,
      "requires": {
        "fsevents": "~2.3.1"
      }
    },
    "slash": {
      "version": "4.0.0",
      "resolved": "https://registry.npmjs.org/slash/-/slash-4.0.0.tgz",
      "integrity": "sha512-3dOsAHXXUkQTpOYcoAxLIorMTp4gIQr5IW3iVb7A7lFIp0VHhnynm9izx6TssdrIcVIESAlVjtnO2K8bg+Coew==",
      "dev": true
    },
    "source-map": {
      "version": "0.7.3",
      "resolved": "https://registry.npmjs.org/source-map/-/source-map-0.7.3.tgz",
      "integrity": "sha512-CkCj6giN3S+n9qrYiBTX5gystlENnRW5jZeNLHpe6aue+SrHcG5VYwujhW9s4dY31mEGsxBDrHR6oI69fTXsaQ==",
      "dev": true
    },
    "strip-indent": {
      "version": "3.0.0",
      "resolved": "https://registry.npmjs.org/strip-indent/-/strip-indent-3.0.0.tgz",
      "integrity": "sha512-laJTa3Jb+VQpaC6DseHhF7dXVqHTfJPCRDaEbid/drOhgitgYku/letMUqOXFoWV0zIIUbjpdH2t+tYj4bQMRQ==",
      "dev": true,
      "requires": {
        "min-indent": "^1.0.0"
      }
    },
    "supports-color": {
      "version": "7.2.0",
      "resolved": "https://registry.npmjs.org/supports-color/-/supports-color-7.2.0.tgz",
      "integrity": "sha512-qpCAvRl9stuOHveKsn7HncJRvv501qIacKzQlO/+Lwxc9+0q2wLyv4Dfvt80/DPn2pqOBsJdDiogXGR9+OvwRw==",
      "dev": true,
      "requires": {
        "has-flag": "^4.0.0"
      }
    },
    "svelte": {
      "version": "3.49.0",
      "resolved": "https://registry.npmjs.org/svelte/-/svelte-3.49.0.tgz",
      "integrity": "sha512-+lmjic1pApJWDfPCpUUTc1m8azDqYCG1JN9YEngrx/hUyIcFJo6VZhj0A1Ai0wqoHcEIuQy+e9tk+4uDgdtsFA==",
      "dev": true
    },
    "svelte-hmr": {
      "version": "0.14.3",
      "resolved": "https://registry.npmjs.org/svelte-hmr/-/svelte-hmr-0.14.3.tgz",
      "integrity": "sha512-N56xX405zLMw2tpGHKRx5h+kmdeZwxI21pvyC6OyBHJDCF6DlwWBm9TifdQmSD4dloWSmpDPzHWYa3CSjfopUg==",
      "dev": true,
      "requires": {}
    },
    "svelte-navigator": {
      "version": "3.1.5",
      "resolved": "https://registry.npmjs.org/svelte-navigator/-/svelte-navigator-3.1.5.tgz",
      "integrity": "sha512-CGTaexasSLpUaTSN2AlYqii0JeisIgg7uZbm8XCLKlpM9Qv3IltlJ7Nvh90Xw9ND97KqtGOjNJ3LNwMN1ABV0w==",
      "dev": true,
      "requires": {
        "svelte2tsx": "^0.1.151"
      }
    },
    "svelte-preprocess": {
      "version": "4.7.3",
      "resolved": "https://registry.npmjs.org/svelte-preprocess/-/svelte-preprocess-4.7.3.tgz",
      "integrity": "sha512-Zx1/xLeGOIBlZMGPRCaXtlMe4ZA0faato5Dc3CosEqwu75MIEPuOstdkH6cy+RYTUYynoxzNaDxkPX4DbrPwRA==",
      "dev": true,
      "requires": {
        "@types/pug": "^2.0.4",
        "@types/sass": "^1.16.0",
        "detect-indent": "^6.0.0",
        "strip-indent": "^3.0.0"
      }
    },
    "svelte2tsx": {
      "version": "0.1.191",
      "resolved": "https://registry.npmjs.org/svelte2tsx/-/svelte2tsx-0.1.191.tgz",
      "integrity": "sha512-pSciOMX9LAmvirtCilFRqrtHJxml4pdyMKq7Tjpac4EaWsO89Cfsjl04wBZ7YZKzW8UotbPOjCaJEoC/XDc/QQ==",
      "dev": true,
      "requires": {
        "dedent-js": "^1.0.1",
        "pascal-case": "^3.1.1"
      }
    },
    "tslib": {
      "version": "2.2.0",
      "resolved": "https://registry.npmjs.org/tslib/-/tslib-2.2.0.tgz",
      "integrity": "sha512-gS9GVHRU+RGn5KQM2rllAlR3dU6m7AcpJKdtH8gFvQiC4Otgk98XnmMU+nZenHt/+VhnBPWwgrJsyrdcw6i23w==",
      "dev": true
    },
    "typescript": {
      "version": "4.2.4",
      "resolved": "https://registry.npmjs.org/typescript/-/typescript-4.2.4.tgz",
      "integrity": "sha512-V+evlYHZnQkaz8TRBuxTA92yZBPotr5H+WhQ7bD3hZUndx5tGOa1fuCgeSjxAzM1RiN5IzvadIXTVefuuwZCRg==",
      "dev": true
    },
    "vite": {
      "version": "2.3.2",
      "resolved": "https://registry.npmjs.org/vite/-/vite-2.3.2.tgz",
      "integrity": "sha512-QhLdOompDrfkyryCNTts9HE+eJhvhN9ibKNJ5Q8DpQai+6nOsuIlaveZNg67e1O/2QaWqXeBo82eHnAs1De2bQ==",
      "dev": true,
      "requires": {
        "esbuild": "^0.11.20",
        "fsevents": "~2.3.1",
        "postcss": "^8.2.10",
        "resolve": "^1.19.0",
        "rollup": "^2.38.5"
      }
    }
  }
}
